
Microsoft Visual Studio Solution File, Format Version 12.00
# Visual Studio 2012
Project("{FAE04EC0-301F-11D3-BF4B-00C04F79EFBC}") = "Phoneword", "Phoneword\Phoneword.csproj", "{8686554F-028C-443D-90F3-5CD58624B2ED}"
EndProject
Project("{FAE04EC0-301F-11D3-BF4B-00C04F79EFBC}") = "Phoneword.Droid", "Droid\Phoneword.Droid.csproj", "{E8CA8904-E0A6-497C-9E1F-32E7A62A891F}"
EndProject
Global
	GlobalSection(SolutionConfigurationPlatforms) = preSolution
		Debug|Any CPU = Debug|Any CPU
		Release|Any CPU = Release|Any CPU
	EndGlobalSection
	GlobalSection(ProjectConfigurationPlatforms) = postSolution
		{8686554F-028C-443D-90F3-5CD58624B2ED}.Debug|Any CPU.ActiveCfg = Debug|Any CPU
		{8686554F-028C-443D-90F3-5CD58624B2ED}.Debug|Any CPU.Build.0 = Debug|Any CPU
		{8686554F-028C-443D-90F3-5CD58624B2ED}.Release|Any CPU.ActiveCfg = Release|Any CPU
		{8686554F-028C-443D-90F3-5CD58624B2ED}.Release|Any CPU.Build.0 = Release|Any CPU
		{E8CA8904-E0A6-497C-9E1F-32E7A62A891F}.Debug|Any CPU.ActiveCfg = Debug|Any CPU
		{E8CA8904-E0A6-497C-9E1F-32E7A62A891F}.Debug|Any CPU.Build.0 = Debug|Any CPU
		{E8CA8904-E0A6-497C-9E1F-32E7A62A891F}.Release|Any CPU.ActiveCfg = Release|Any CPU
		{E8CA8904-E0A6-497C-9E1F-32E7A62A891F}.Release|Any CPU.Build.0 = Release|Any CPU
	EndGlobalSection
EndGlobal
